
Microsoft Visual Studio Solution File, Format Version 12.00
# Visual Studio 2012
Project("{FAE04EC0-301F-11D3-BF4B-00C04F79EFBC}") = "cChall4", "cChall4\cChall4.csproj", "{3A284A22-0FDB-47F4-8482-BAEE71437643}"
EndProject
Global
	GlobalSection(SolutionConfigurationPlatforms) = preSolution
		Debug|Any CPU = Debug|Any CPU
		Release|Any CPU = Release|Any CPU
	EndGlobalSection
	GlobalSection(ProjectConfigurationPlatforms) = postSolution
		{3A284A22-0FDB-47F4-8482-BAEE71437643}.Debug|Any CPU.ActiveCfg = Debug|Any CPU
		{3A284A22-0FDB-47F4-8482-BAEE71437643}.Debug|Any CPU.Build.0 = Debug|Any CPU
		{3A284A22-0FDB-47F4-8482-BAEE71437643}.Release|Any CPU.ActiveCfg = Release|Any CPU
		{3A284A22-0FDB-47F4-8482-BAEE71437643}.Release|Any CPU.Build.0 = Release|Any CPU
	EndGlobalSection
EndGlobal
